# This file is automatically @generated by Cargo.
# It is not intended for manual editing.
[[package]]
name = "outpost-rs"
version = "0.1.0"
dependencies = [
 "outpost_auth 0.1.0",
 "outpost_cache 0.1.0",
 "outpost_config 0.1.0",
 "outpost_ratelimit 0.1.0",
 "outpost_routing 0.1.0",
 "outpost_ssl 0.1.0",
 "outpost_storage 0.1.0",
]

[[package]]
name = "outpost_auth"
version = "0.1.0"

[[package]]
name = "outpost_cache"
version = "0.1.0"

[[package]]
name = "outpost_config"
version = "0.1.0"

[[package]]
name = "outpost_ratelimit"
version = "0.1.0"

[[package]]
name = "outpost_routing"
version = "0.1.0"

[[package]]
name = "outpost_ssl"
version = "0.1.0"

[[package]]
name = "outpost_storage"
version = "0.1.0"

